
Microsoft Visual Studio Solution File, Format Version 12.00
# Visual Studio 15
VisualStudioVersion = 15.0.28307.136
MinimumVisualStudioVersion = 10.0.40219.1
Project("{FAE04EC0-301F-11D3-BF4B-00C04F79EFBC}") = "Korzh.Utils", "src\Korzh.Utils.csproj", "{0114F1EC-6511-4BBF-9A3C-69E0D2916AC1}"
EndProject
Global
	GlobalSection(SolutionConfigurationPlatforms) = preSolution
		Debug|Any CPU = Debug|Any CPU
		Release|Any CPU = Release|Any CPU
	EndGlobalSection
	GlobalSection(ProjectConfigurationPlatforms) = postSolution
		{0114F1EC-6511-4BBF-9A3C-69E0D2916AC1}.Debug|Any CPU.ActiveCfg = Debug|Any CPU
		{0114F1EC-6511-4BBF-9A3C-69E0D2916AC1}.Debug|Any CPU.Build.0 = Debug|Any CPU
		{0114F1EC-6511-4BBF-9A3C-69E0D2916AC1}.Release|Any CPU.ActiveCfg = Release|Any CPU
		{0114F1EC-6511-4BBF-9A3C-69E0D2916AC1}.Release|Any CPU.Build.0 = Release|Any CPU
	EndGlobalSection
	GlobalSection(SolutionProperties) = preSolution
		HideSolutionNode = FALSE
	EndGlobalSection
	GlobalSection(ExtensibilityGlobals) = postSolution
		SolutionGuid = {A7A91FD3-1C1E-4506-A783-EB19BE972D41}
	EndGlobalSection
EndGlobal
